
Microsoft Visual Studio Solution File, Format Version 12.00
# Visual Studio Version 17
VisualStudioVersion = 17.6.33801.468
MinimumVisualStudioVersion = 10.0.40219.1
Project("{FAE04EC0-301F-11D3-BF4B-00C04F79EFBC}") = "Cliente_ProyectoSO", "Cliente_ProyectoSO\Cliente_ProyectoSO.csproj", "{234C7DC2-7854-45A8-B143-79276C2121FF}"
EndProject
Global
	GlobalSection(SolutionConfigurationPlatforms) = preSolution
		Debug|Any CPU = Debug|Any CPU
		Release|Any CPU = Release|Any CPU
	EndGlobalSection
	GlobalSection(ProjectConfigurationPlatforms) = postSolution
		{234C7DC2-7854-45A8-B143-79276C2121FF}.Debug|Any CPU.ActiveCfg = Debug|Any CPU
		{234C7DC2-7854-45A8-B143-79276C2121FF}.Debug|Any CPU.Build.0 = Debug|Any CPU
		{234C7DC2-7854-45A8-B143-79276C2121FF}.Release|Any CPU.ActiveCfg = Release|Any CPU
		{234C7DC2-7854-45A8-B143-79276C2121FF}.Release|Any CPU.Build.0 = Release|Any CPU
	EndGlobalSection
	GlobalSection(SolutionProperties) = preSolution
		HideSolutionNode = FALSE
	EndGlobalSection
	GlobalSection(ExtensibilityGlobals) = postSolution
		SolutionGuid = {47FC86EA-863F-4A4A-9474-72F62C3FFF07}
	EndGlobalSection
EndGlobal
